// !$*UTF8*$!
{
	archiveVersion = 1;
	classes = {
	};
	objectVersion = 56;
	objects = {

/* Begin PBXBuildFile section */
		A80A271E2BD253B600DCB04E /* MainViewController+Ext.swift in Sources */ = {isa = PBXBuildFile; fileRef = A80A271D2BD253B600DCB04E /* MainViewController+Ext.swift */; };
		A80A27202BD2557C00DCB04E /* BaseViewController.swift in Sources */ = {isa = PBXBuildFile; fileRef = A80A271F2BD2557C00DCB04E /* BaseViewController.swift */; };
		A80A27232BD25A4D00DCB04E /* DetailsView.swift in Sources */ = {isa = PBXBuildFile; fileRef = A80A27222BD25A4D00DCB04E /* DetailsView.swift */; };
		A80A27252BD25BB700DCB04E /* DetailsViewController+Ext.swift in Sources */ = {isa = PBXBuildFile; fileRef = A80A27242BD25BB700DCB04E /* DetailsViewController+Ext.swift */; };
		A80A27272BD25F4100DCB04E /* UIColor+Ext.swift in Sources */ = {isa = PBXBuildFile; fileRef = A80A27262BD25F4100DCB04E /* UIColor+Ext.swift */; };
		A80A27292BD278DA00DCB04E /* OnboardingViewController+Ext.swift in Sources */ = {isa = PBXBuildFile; fileRef = A80A27282BD278DA00DCB04E /* OnboardingViewController+Ext.swift */; };
		A8AF536A2BD0013F00A04F90 /* AppDelegate.swift in Sources */ = {isa = PBXBuildFile; fileRef = A8AF53692BD0013F00A04F90 /* AppDelegate.swift */; };
		A8AF536C2BD0013F00A04F90 /* SceneDelegate.swift in Sources */ = {isa = PBXBuildFile; fileRef = A8AF536B2BD0013F00A04F90 /* SceneDelegate.swift */; };
		A8AF53732BD0014000A04F90 /* Assets.xcassets in Resources */ = {isa = PBXBuildFile; fileRef = A8AF53722BD0014000A04F90 /* Assets.xcassets */; };
		A8AF53762BD0014000A04F90 /* Base in Resources */ = {isa = PBXBuildFile; fileRef = A8AF53752BD0014000A04F90 /* Base */; };
		A8AF537E2BD0027000A04F90 /* OnboardingViewController.swift in Sources */ = {isa = PBXBuildFile; fileRef = A8AF537D2BD0027000A04F90 /* OnboardingViewController.swift */; };
		A8AF53802BD0044200A04F90 /* OnboardingView.swift in Sources */ = {isa = PBXBuildFile; fileRef = A8AF537F2BD0044200A04F90 /* OnboardingView.swift */; };
		A8AF53822BD004E600A04F90 /* OnboardingModel.swift in Sources */ = {isa = PBXBuildFile; fileRef = A8AF53812BD004E600A04F90 /* OnboardingModel.swift */; };
		A8AF53842BD0078D00A04F90 /* DataLoader.swift in Sources */ = {isa = PBXBuildFile; fileRef = A8AF53832BD0078D00A04F90 /* DataLoader.swift */; };
		A8AF538C2BD0185E00A04F90 /* FlowItems.swift in Sources */ = {isa = PBXBuildFile; fileRef = A8AF538B2BD0185E00A04F90 /* FlowItems.swift */; };
		A8AF538E2BD026D700A04F90 /* OnboardingViewController+CollectionView.swift in Sources */ = {isa = PBXBuildFile; fileRef = A8AF538D2BD026D700A04F90 /* OnboardingViewController+CollectionView.swift */; };
		A8AF53912BD0275D00A04F90 /* OnboardingCell.swift in Sources */ = {isa = PBXBuildFile; fileRef = A8AF53902BD0275D00A04F90 /* OnboardingCell.swift */; };
		A8AF53942BD0331200A04F90 /* Constants.swift in Sources */ = {isa = PBXBuildFile; fileRef = A8AF53932BD0331200A04F90 /* Constants.swift */; };
		A8AF53992BD03F5900A04F90 /* MainView.swift in Sources */ = {isa = PBXBuildFile; fileRef = A8AF53982BD03F5900A04F90 /* MainView.swift */; };
		A8AF539B2BD03FB600A04F90 /* MainViewController.swift in Sources */ = {isa = PBXBuildFile; fileRef = A8AF539A2BD03FB600A04F90 /* MainViewController.swift */; };
		A8AF539E2BD0415900A04F90 /* MainCell.swift in Sources */ = {isa = PBXBuildFile; fileRef = A8AF539D2BD0415900A04F90 /* MainCell.swift */; };
		A8AF53A02BD041CA00A04F90 /* MainViewController+CollectionView.swift in Sources */ = {isa = PBXBuildFile; fileRef = A8AF539F2BD041CA00A04F90 /* MainViewController+CollectionView.swift */; };
		A8AF53A32BD052BC00A04F90 /* MainModel.swift in Sources */ = {isa = PBXBuildFile; fileRef = A8AF53A22BD052BC00A04F90 /* MainModel.swift */; };
		A8AF53A52BD0549500A04F90 /* DetailsViewController.swift in Sources */ = {isa = PBXBuildFile; fileRef = A8AF53A42BD0549500A04F90 /* DetailsViewController.swift */; };
/* End PBXBuildFile section */

/* Begin PBXFileReference section */
		A80A271D2BD253B600DCB04E /* MainViewController+Ext.swift */ = {isa = PBXFileReference; lastKnownFileType = sourcecode.swift; path = "MainViewController+Ext.swift"; sourceTree = "<group>"; };
		A80A271F2BD2557C00DCB04E /* BaseViewController.swift */ = {isa = PBXFileReference; lastKnownFileType = sourcecode.swift; path = BaseViewController.swift; sourceTree = "<group>"; };
		A80A27222BD25A4D00DCB04E /* DetailsView.swift */ = {isa = PBXFileReference; lastKnownFileType = sourcecode.swift; path = DetailsView.swift; sourceTree = "<group>"; };
		A80A27242BD25BB700DCB04E /* DetailsViewController+Ext.swift */ = {isa = PBXFileReference; lastKnownFileType = sourcecode.swift; path = "DetailsViewController+Ext.swift"; sourceTree = "<group>"; };
		A80A27262BD25F4100DCB04E /* UIColor+Ext.swift */ = {isa = PBXFileReference; lastKnownFileType = sourcecode.swift; path = "UIColor+Ext.swift"; sourceTree = "<group>"; };
		A80A27282BD278DA00DCB04E /* OnboardingViewController+Ext.swift */ = {isa = PBXFileReference; lastKnownFileType = sourcecode.swift; path = "OnboardingViewController+Ext.swift"; sourceTree = "<group>"; };
		A8AF53662BD0013F00A04F90 /* HomeWork16.app */ = {isa = PBXFileReference; explicitFileType = wrapper.application; includeInIndex = 0; path = HomeWork16.app; sourceTree = BUILT_PRODUCTS_DIR; };
		A8AF53692BD0013F00A04F90 /* AppDelegate.swift */ = {isa = PBXFileReference; lastKnownFileType = sourcecode.swift; path = AppDelegate.swift; sourceTree = "<group>"; };
		A8AF536B2BD0013F00A04F90 /* SceneDelegate.swift */ = {isa = PBXFileReference; lastKnownFileType = sourcecode.swift; path = SceneDelegate.swift; sourceTree = "<group>"; };
		A8AF53722BD0014000A04F90 /* Assets.xcassets */ = {isa = PBXFileReference; lastKnownFileType = folder.assetcatalog; path = Assets.xcassets; sourceTree = "<group>"; };
		A8AF53752BD0014000A04F90 /* Base */ = {isa = PBXFileReference; lastKnownFileType = file.storyboard; name = Base; path = Base.lproj/LaunchScreen.storyboard; sourceTree = "<group>"; };
		A8AF53772BD0014000A04F90 /* Info.plist */ = {isa = PBXFileReference; lastKnownFileType = text.plist.xml; path = Info.plist; sourceTree = "<group>"; };
		A8AF537D2BD0027000A04F90 /* OnboardingViewController.swift */ = {isa = PBXFileReference; lastKnownFileType = sourcecode.swift; path = OnboardingViewController.swift; sourceTree = "<group>"; };
		A8AF537F2BD0044200A04F90 /* OnboardingView.swift */ = {isa = PBXFileReference; lastKnownFileType = sourcecode.swift; path = OnboardingView.swift; sourceTree = "<group>"; };
		A8AF53812BD004E600A04F90 /* OnboardingModel.swift */ = {isa = PBXFileReference; lastKnownFileType = sourcecode.swift; path = OnboardingModel.swift; sourceTree = "<group>"; };
		A8AF53832BD0078D00A04F90 /* DataLoader.swift */ = {isa = PBXFileReference; lastKnownFileType = sourcecode.swift; path = DataLoader.swift; sourceTree = "<group>"; };
		A8AF538B2BD0185E00A04F90 /* FlowItems.swift */ = {isa = PBXFileReference; lastKnownFileType = sourcecode.swift; path = FlowItems.swift; sourceTree = "<group>"; };
		A8AF538D2BD026D700A04F90 /* OnboardingViewController+CollectionView.swift */ = {isa = PBXFileReference; lastKnownFileType = sourcecode.swift; path = "OnboardingViewController+CollectionView.swift"; sourceTree = "<group>"; };
		A8AF53902BD0275D00A04F90 /* OnboardingCell.swift */ = {isa = PBXFileReference; lastKnownFileType = sourcecode.swift; path = OnboardingCell.swift; sourceTree = "<group>"; };
		A8AF53932BD0331200A04F90 /* Constants.swift */ = {isa = PBXFileReference; lastKnownFileType = sourcecode.swift; path = Constants.swift; sourceTree = "<group>"; };
		A8AF53982BD03F5900A04F90 /* MainView.swift */ = {isa = PBXFileReference; lastKnownFileType = sourcecode.swift; path = MainView.swift; sourceTree = "<group>"; };
		A8AF539A2BD03FB600A04F90 /* MainViewController.swift */ = {isa = PBXFileReference; lastKnownFileType = sourcecode.swift; path = MainViewController.swift; sourceTree = "<group>"; };
		A8AF539D2BD0415900A04F90 /* MainCell.swift */ = {isa = PBXFileReference; lastKnownFileType = sourcecode.swift; path = MainCell.swift; sourceTree = "<group>"; };
		A8AF539F2BD041CA00A04F90 /* MainViewController+CollectionView.swift */ = {isa = PBXFileReference; lastKnownFileType = sourcecode.swift; path = "MainViewController+CollectionView.swift"; sourceTree = "<group>"; };
		A8AF53A22BD052BC00A04F90 /* MainModel.swift */ = {isa = PBXFileReference; lastKnownFileType = sourcecode.swift; path = MainModel.swift; sourceTree = "<group>"; };
		A8AF53A42BD0549500A04F90 /* DetailsViewController.swift */ = {isa = PBXFileReference; lastKnownFileType = sourcecode.swift; path = DetailsViewController.swift; sourceTree = "<group>"; };
/* End PBXFileReference section */

/* Begin PBXFrameworksBuildPhase section */
		A8AF53632BD0013F00A04F90 /* Frameworks */ = {
			isa = PBXFrameworksBuildPhase;
			buildActionMask = 2147483647;
			files = (
			);
			runOnlyForDeploymentPostprocessing = 0;
		};
/* End PBXFrameworksBuildPhase section */

/* Begin PBXGroup section */
		A80A27212BD259F300DCB04E /* MainDetailsScreens */ = {
			isa = PBXGroup;
			children = (
				A80A27222BD25A4D00DCB04E /* DetailsView.swift */,
				A8AF53A42BD0549500A04F90 /* DetailsViewController.swift */,
				A80A27242BD25BB700DCB04E /* DetailsViewController+Ext.swift */,
			);
			path = MainDetailsScreens;
			sourceTree = "<group>";
		};
		A80A272C2BD2B5B500DCB04E /* Common */ = {
			isa = PBXGroup;
			children = (
				A8AF53932BD0331200A04F90 /* Constants.swift */,
				A80A271F2BD2557C00DCB04E /* BaseViewController.swift */,
				A80A27262BD25F4100DCB04E /* UIColor+Ext.swift */,
			);
			path = Common;
			sourceTree = "<group>";
		};
		A80A272F2BD2B64E00DCB04E /* OnboardingCells */ = {
			isa = PBXGroup;
			children = (
				A8AF53902BD0275D00A04F90 /* OnboardingCell.swift */,
			);
			path = OnboardingCells;
			sourceTree = "<group>";
		};
		A80A27312BD2B6B900DCB04E /* MainCells */ = {
			isa = PBXGroup;
			children = (
				A8AF539D2BD0415900A04F90 /* MainCell.swift */,
			);
			path = MainCells;
			sourceTree = "<group>";
		};
		A80A27332BD2B79800DCB04E /* OnboardingFlowScreen */ = {
			isa = PBXGroup;
			children = (
				A8AF538A2BD0180800A04F90 /* OnboardingModels */,
				A80A272F2BD2B64E00DCB04E /* OnboardingCells */,
				A8AF537F2BD0044200A04F90 /* OnboardingView.swift */,
				A8AF537D2BD0027000A04F90 /* OnboardingViewController.swift */,
				A80A27282BD278DA00DCB04E /* OnboardingViewController+Ext.swift */,
				A8AF538D2BD026D700A04F90 /* OnboardingViewController+CollectionView.swift */,
			);
			path = OnboardingFlowScreen;
			sourceTree = "<group>";
		};
		A8AF535D2BD0013F00A04F90 = {
			isa = PBXGroup;
			children = (
				A8AF53682BD0013F00A04F90 /* HomeWork16 */,
				A8AF53672BD0013F00A04F90 /* Products */,
			);
			sourceTree = "<group>";
		};
		A8AF53672BD0013F00A04F90 /* Products */ = {
			isa = PBXGroup;
			children = (
				A8AF53662BD0013F00A04F90 /* HomeWork16.app */,
			);
			name = Products;
			sourceTree = "<group>";
		};
		A8AF53682BD0013F00A04F90 /* HomeWork16 */ = {
			isa = PBXGroup;
			children = (
				A8AF53692BD0013F00A04F90 /* AppDelegate.swift */,
				A8AF536B2BD0013F00A04F90 /* SceneDelegate.swift */,
				A80A272C2BD2B5B500DCB04E /* Common */,
				A8AF53862BD014EF00A04F90 /* Services */,
				A80A27332BD2B79800DCB04E /* OnboardingFlowScreen */,
				A8AF53952BD03E5800A04F90 /* MainScreen */,
				A8AF53722BD0014000A04F90 /* Assets.xcassets */,
				A8AF53742BD0014000A04F90 /* LaunchScreen.storyboard */,
				A8AF53772BD0014000A04F90 /* Info.plist */,
			);
			path = HomeWork16;
			sourceTree = "<group>";
		};
		A8AF53862BD014EF00A04F90 /* Services */ = {
			isa = PBXGroup;
			children = (
				A8AF53832BD0078D00A04F90 /* DataLoader.swift */,
			);
			path = Services;
			sourceTree = "<group>";
		};
		A8AF538A2BD0180800A04F90 /* OnboardingModels */ = {
			isa = PBXGroup;
			children = (
				A8AF53812BD004E600A04F90 /* OnboardingModel.swift */,
				A8AF538B2BD0185E00A04F90 /* FlowItems.swift */,
			);
			path = OnboardingModels;
			sourceTree = "<group>";
		};
		A8AF53952BD03E5800A04F90 /* MainScreen */ = {
			isa = PBXGroup;
			children = (
				A8AF53A12BD0529600A04F90 /* MainModels */,
				A80A27312BD2B6B900DCB04E /* MainCells */,
				A80A27212BD259F300DCB04E /* MainDetailsScreens */,
				A8AF53982BD03F5900A04F90 /* MainView.swift */,
				A8AF539A2BD03FB600A04F90 /* MainViewController.swift */,
				A80A271D2BD253B600DCB04E /* MainViewController+Ext.swift */,
				A8AF539F2BD041CA00A04F90 /* MainViewController+CollectionView.swift */,
			);
			path = MainScreen;
			sourceTree = "<group>";
		};
		A8AF53A12BD0529600A04F90 /* MainModels */ = {
			isa = PBXGroup;
			children = (
				A8AF53A22BD052BC00A04F90 /* MainModel.swift */,
			);
			path = MainModels;
			sourceTree = "<group>";
		};
/* End PBXGroup section */

/* Begin PBXNativeTarget section */
		A8AF53652BD0013F00A04F90 /* HomeWork16 */ = {
			isa = PBXNativeTarget;
			buildConfigurationList = A8AF537A2BD0014000A04F90 /* Build configuration list for PBXNativeTarget "HomeWork16" */;
			buildPhases = (
				A8AF53622BD0013F00A04F90 /* Sources */,
				A8AF53632BD0013F00A04F90 /* Frameworks */,
				A8AF53642BD0013F00A04F90 /* Resources */,
			);
			buildRules = (
			);
			dependencies = (
			);
			name = HomeWork16;
			productName = HomeWork16;
			productReference = A8AF53662BD0013F00A04F90 /* HomeWork16.app */;
			productType = "com.apple.product-type.application";
		};
/* End PBXNativeTarget section */

/* Begin PBXProject section */
		A8AF535E2BD0013F00A04F90 /* Project object */ = {
			isa = PBXProject;
			attributes = {
				BuildIndependentTargetsInParallel = 1;
				LastSwiftUpdateCheck = 1530;
				LastUpgradeCheck = 1530;
				TargetAttributes = {
					A8AF53652BD0013F00A04F90 = {
						CreatedOnToolsVersion = 15.3;
					};
				};
			};
			buildConfigurationList = A8AF53612BD0013F00A04F90 /* Build configuration list for PBXProject "HomeWork16" */;
			compatibilityVersion = "Xcode 14.0";
			developmentRegion = en;
			hasScannedForEncodings = 0;
			knownRegions = (
				en,
				Base,
			);
			mainGroup = A8AF535D2BD0013F00A04F90;
			productRefGroup = A8AF53672BD0013F00A04F90 /* Products */;
			projectDirPath = "";
			projectRoot = "";
			targets = (
				A8AF53652BD0013F00A04F90 /* HomeWork16 */,
			);
		};
/* End PBXProject section */

/* Begin PBXResourcesBuildPhase section */
		A8AF53642BD0013F00A04F90 /* Resources */ = {
			isa = PBXResourcesBuildPhase;
			buildActionMask = 2147483647;
			files = (
				A8AF53732BD0014000A04F90 /* Assets.xcassets in Resources */,
				A8AF53762BD0014000A04F90 /* Base in Resources */,
			);
			runOnlyForDeploymentPostprocessing = 0;
		};
/* End PBXResourcesBuildPhase section */

/* Begin PBXSourcesBuildPhase section */
		A8AF53622BD0013F00A04F90 /* Sources */ = {
			isa = PBXSourcesBuildPhase;
			buildActionMask = 2147483647;
			files = (
				A8AF536A2BD0013F00A04F90 /* AppDelegate.swift in Sources */,
				A80A27232BD25A4D00DCB04E /* DetailsView.swift in Sources */,
				A8AF53992BD03F5900A04F90 /* MainView.swift in Sources */,
				A8AF53942BD0331200A04F90 /* Constants.swift in Sources */,
				A8AF53A32BD052BC00A04F90 /* MainModel.swift in Sources */,
				A8AF53822BD004E600A04F90 /* OnboardingModel.swift in Sources */,
				A80A27252BD25BB700DCB04E /* DetailsViewController+Ext.swift in Sources */,
				A80A27202BD2557C00DCB04E /* BaseViewController.swift in Sources */,
				A8AF538E2BD026D700A04F90 /* OnboardingViewController+CollectionView.swift in Sources */,
				A80A27292BD278DA00DCB04E /* OnboardingViewController+Ext.swift in Sources */,
				A8AF53842BD0078D00A04F90 /* DataLoader.swift in Sources */,
				A8AF539B2BD03FB600A04F90 /* MainViewController.swift in Sources */,
				A8AF53A52BD0549500A04F90 /* DetailsViewController.swift in Sources */,
				A8AF53A02BD041CA00A04F90 /* MainViewController+CollectionView.swift in Sources */,
				A8AF538C2BD0185E00A04F90 /* FlowItems.swift in Sources */,
				A80A27272BD25F4100DCB04E /* UIColor+Ext.swift in Sources */,
				A8AF53912BD0275D00A04F90 /* OnboardingCell.swift in Sources */,
				A8AF53802BD0044200A04F90 /* OnboardingView.swift in Sources */,
				A8AF537E2BD0027000A04F90 /* OnboardingViewController.swift in Sources */,
				A80A271E2BD253B600DCB04E /* MainViewController+Ext.swift in Sources */,
				A8AF536C2BD0013F00A04F90 /* SceneDelegate.swift in Sources */,
				A8AF539E2BD0415900A04F90 /* MainCell.swift in Sources */,
			);
			runOnlyForDeploymentPostprocessing = 0;
		};
/* End PBXSourcesBuildPhase section */

/* Begin PBXVariantGroup section */
		A8AF53742BD0014000A04F90 /* LaunchScreen.storyboard */ = {
			isa = PBXVariantGroup;
			children = (
				A8AF53752BD0014000A04F90 /* Base */,
			);
			name = LaunchScreen.storyboard;
			sourceTree = "<group>";
		};
/* End PBXVariantGroup section */

/* Begin XCBuildConfiguration section */
		A8AF53782BD0014000A04F90 /* Debug */ = {
			isa = XCBuildConfiguration;
			buildSettings = {
				ALWAYS_SEARCH_USER_PATHS = NO;
				ASSETCATALOG_COMPILER_GENERATE_SWIFT_ASSET_SYMBOL_EXTENSIONS = YES;
				CLANG_ANALYZER_NONNULL = YES;
				CLANG_ANALYZER_NUMBER_OBJECT_CONVERSION = YES_AGGRESSIVE;
				CLANG_CXX_LANGUAGE_STANDARD = "gnu++20";
				CLANG_ENABLE_MODULES = YES;
				CLANG_ENABLE_OBJC_ARC = YES;
				CLANG_ENABLE_OBJC_WEAK = YES;
				CLANG_WARN_BLOCK_CAPTURE_AUTORELEASING = YES;
				CLANG_WARN_BOOL_CONVERSION = YES;
				CLANG_WARN_COMMA = YES;
				CLANG_WARN_CONSTANT_CONVERSION = YES;
				CLANG_WARN_DEPRECATED_OBJC_IMPLEMENTATIONS = YES;
				CLANG_WARN_DIRECT_OBJC_ISA_USAGE = YES_ERROR;
				CLANG_WARN_DOCUMENTATION_COMMENTS = YES;
				CLANG_WARN_EMPTY_BODY = YES;
				CLANG_WARN_ENUM_CONVERSION = YES;
				CLANG_WARN_INFINITE_RECURSION = YES;
				CLANG_WARN_INT_CONVERSION = YES;
				CLANG_WARN_NON_LITERAL_NULL_CONVERSION = YES;
				CLANG_WARN_OBJC_IMPLICIT_RETAIN_SELF = YES;
				CLANG_WARN_OBJC_LITERAL_CONVERSION = YES;
				CLANG_WARN_OBJC_ROOT_CLASS = YES_ERROR;
				CLANG_WARN_QUOTED_INCLUDE_IN_FRAMEWORK_HEADER = YES;
				CLANG_WARN_RANGE_LOOP_ANALYSIS = YES;
				CLANG_WARN_STRICT_PROTOTYPES = YES;
				CLANG_WARN_SUSPICIOUS_MOVE = YES;
				CLANG_WARN_UNGUARDED_AVAILABILITY = YES_AGGRESSIVE;
				CLANG_WARN_UNREACHABLE_CODE = YES;
				CLANG_WARN__DUPLICATE_METHOD_MATCH = YES;
				COPY_PHASE_STRIP = NO;
				DEBUG_INFORMATION_FORMAT = dwarf;
				ENABLE_STRICT_OBJC_MSGSEND = YES;
				ENABLE_TESTABILITY = YES;
				ENABLE_USER_SCRIPT_SANDBOXING = YES;
				GCC_C_LANGUAGE_STANDARD = gnu17;
				GCC_DYNAMIC_NO_PIC = NO;
				GCC_NO_COMMON_BLOCKS = YES;
				GCC_OPTIMIZATION_LEVEL = 0;
				GCC_PREPROCESSOR_DEFINITIONS = (
					"DEBUG=1",
					"$(inherited)",
				);
				GCC_WARN_64_TO_32_BIT_CONVERSION = YES;
				GCC_WARN_ABOUT_RETURN_TYPE = YES_ERROR;
				GCC_WARN_UNDECLARED_SELECTOR = YES;
				GCC_WARN_UNINITIALIZED_AUTOS = YES_AGGRESSIVE;
				GCC_WARN_UNUSED_FUNCTION = YES;
				GCC_WARN_UNUSED_VARIABLE = YES;
				IPHONEOS_DEPLOYMENT_TARGET = 17.4;
				LOCALIZATION_PREFERS_STRING_CATALOGS = YES;
				MTL_ENABLE_DEBUG_INFO = INCLUDE_SOURCE;
				MTL_FAST_MATH = YES;
				ONLY_ACTIVE_ARCH = YES;
				SDKROOT = iphoneos;
				SWIFT_ACTIVE_COMPILATION_CONDITIONS = "DEBUG $(inherited)";
				SWIFT_OPTIMIZATION_LEVEL = "-Onone";
			};
			name = Debug;
		};
		A8AF53792BD0014000A04F90 /* Release */ = {
			isa = XCBuildConfiguration;
			buildSettings = {
				ALWAYS_SEARCH_USER_PATHS = NO;
				ASSETCATALOG_COMPILER_GENERATE_SWIFT_ASSET_SYMBOL_EXTENSIONS = YES;
				CLANG_ANALYZER_NONNULL = YES;
				CLANG_ANALYZER_NUMBER_OBJECT_CONVERSION = YES_AGGRESSIVE;
				CLANG_CXX_LANGUAGE_STANDARD = "gnu++20";
				CLANG_ENABLE_MODULES = YES;
				CLANG_ENABLE_OBJC_ARC = YES;
				CLANG_ENABLE_OBJC_WEAK = YES;
				CLANG_WARN_BLOCK_CAPTURE_AUTORELEASING = YES;
				CLANG_WARN_BOOL_CONVERSION = YES;
				CLANG_WARN_COMMA = YES;
				CLANG_WARN_CONSTANT_CONVERSION = YES;
				CLANG_WARN_DEPRECATED_OBJC_IMPLEMENTATIONS = YES;
				CLANG_WARN_DIRECT_OBJC_ISA_USAGE = YES_ERROR;
				CLANG_WARN_DOCUMENTATION_COMMENTS = YES;
				CLANG_WARN_EMPTY_BODY = YES;
				CLANG_WARN_ENUM_CONVERSION = YES;
				CLANG_WARN_INFINITE_RECURSION = YES;
				CLANG_WARN_INT_CONVERSION = YES;
				CLANG_WARN_NON_LITERAL_NULL_CONVERSION = YES;
				CLANG_WARN_OBJC_IMPLICIT_RETAIN_SELF = YES;
				CLANG_WARN_OBJC_LITERAL_CONVERSION = YES;
				CLANG_WARN_OBJC_ROOT_CLASS = YES_ERROR;
				CLANG_WARN_QUOTED_INCLUDE_IN_FRAMEWORK_HEADER = YES;
				CLANG_WARN_RANGE_LOOP_ANALYSIS = YES;
				CLANG_WARN_STRICT_PROTOTYPES = YES;
				CLANG_WARN_SUSPICIOUS_MOVE = YES;
				CLANG_WARN_UNGUARDED_AVAILABILITY = YES_AGGRESSIVE;
				CLANG_WARN_UNREACHABLE_CODE = YES;
				CLANG_WARN__DUPLICATE_METHOD_MATCH = YES;
				COPY_PHASE_STRIP = NO;
				DEBUG_INFORMATION_FORMAT = "dwarf-with-dsym";
				ENABLE_NS_ASSERTIONS = NO;
				ENABLE_STRICT_OBJC_MSGSEND = YES;
				ENABLE_USER_SCRIPT_SANDBOXING = YES;
				GCC_C_LANGUAGE_STANDARD = gnu17;
				GCC_NO_COMMON_BLOCKS = YES;
				GCC_WARN_64_TO_32_BIT_CONVERSION = YES;
				GCC_WARN_ABOUT_RETURN_TYPE = YES_ERROR;
				GCC_WARN_UNDECLARED_SELECTOR = YES;
				GCC_WARN_UNINITIALIZED_AUTOS = YES_AGGRESSIVE;
				GCC_WARN_UNUSED_FUNCTION = YES;
				GCC_WARN_UNUSED_VARIABLE = YES;
				IPHONEOS_DEPLOYMENT_TARGET = 17.4;
				LOCALIZATION_PREFERS_STRING_CATALOGS = YES;
				MTL_ENABLE_DEBUG_INFO = NO;
				MTL_FAST_MATH = YES;
				SDKROOT = iphoneos;
				SWIFT_COMPILATION_MODE = wholemodule;
				VALIDATE_PRODUCT = YES;
			};
			name = Release;
		};
		A8AF537B2BD0014000A04F90 /* Debug */ = {
			isa = XCBuildConfiguration;
			buildSettings = {
				ASSETCATALOG_COMPILER_APPICON_NAME = AppIcon;
				ASSETCATALOG_COMPILER_GLOBAL_ACCENT_COLOR_NAME = AccentColor;
				CODE_SIGN_STYLE = Automatic;
				CURRENT_PROJECT_VERSION = 1;
				DEVELOPMENT_TEAM = 595Y7XNND7;
				GENERATE_INFOPLIST_FILE = YES;
				INFOPLIST_FILE = HomeWork16/Info.plist;
				INFOPLIST_KEY_UIApplicationSupportsIndirectInputEvents = YES;
				INFOPLIST_KEY_UILaunchStoryboardName = LaunchScreen;
				INFOPLIST_KEY_UISupportedInterfaceOrientations_iPad = "UIInterfaceOrientationPortrait UIInterfaceOrientationPortraitUpsideDown UIInterfaceOrientationLandscapeLeft UIInterfaceOrientationLandscapeRight";
				INFOPLIST_KEY_UISupportedInterfaceOrientations_iPhone = "UIInterfaceOrientationPortrait UIInterfaceOrientationLandscapeLeft UIInterfaceOrientationLandscapeRight";
				LD_RUNPATH_SEARCH_PATHS = (
					"$(inherited)",
					"@executable_path/Frameworks",
				);
				MARKETING_VERSION = 1.0;
				PRODUCT_BUNDLE_IDENTIFIER = AM.HomeWork16;
				PRODUCT_NAME = "$(TARGET_NAME)";
				SWIFT_EMIT_LOC_STRINGS = YES;
				SWIFT_VERSION = 5.0;
				TARGETED_DEVICE_FAMILY = "1,2";
			};
			name = Debug;
		};
		A8AF537C2BD0014000A04F90 /* Release */ = {
			isa = XCBuildConfiguration;
			buildSettings = {
				ASSETCATALOG_COMPILER_APPICON_NAME = AppIcon;
				ASSETCATALOG_COMPILER_GLOBAL_ACCENT_COLOR_NAME = AccentColor;
				CODE_SIGN_STYLE = Automatic;
				CURRENT_PROJECT_VERSION = 1;
				DEVELOPMENT_TEAM = 595Y7XNND7;
				GENERATE_INFOPLIST_FILE = YES;
				INFOPLIST_FILE = HomeWork16/Info.plist;
				INFOPLIST_KEY_UIApplicationSupportsIndirectInputEvents = YES;
				INFOPLIST_KEY_UILaunchStoryboardName = LaunchScreen;
				INFOPLIST_KEY_UISupportedInterfaceOrientations_iPad = "UIInterfaceOrientationPortrait UIInterfaceOrientationPortraitUpsideDown UIInterfaceOrientationLandscapeLeft UIInterfaceOrientationLandscapeRight";
				INFOPLIST_KEY_UISupportedInterfaceOrientations_iPhone = "UIInterfaceOrientationPortrait UIInterfaceOrientationLandscapeLeft UIInterfaceOrientationLandscapeRight";
				LD_RUNPATH_SEARCH_PATHS = (
					"$(inherited)",
					"@executable_path/Frameworks",
				);
				MARKETING_VERSION = 1.0;
				PRODUCT_BUNDLE_IDENTIFIER = AM.HomeWork16;
				PRODUCT_NAME = "$(TARGET_NAME)";
				SWIFT_EMIT_LOC_STRINGS = YES;
				SWIFT_VERSION = 5.0;
				TARGETED_DEVICE_FAMILY = "1,2";
			};
			name = Release;
		};
/* End XCBuildConfiguration section */

/* Begin XCConfigurationList section */
		A8AF53612BD0013F00A04F90 /* Build configuration list for PBXProject "HomeWork16" */ = {
			isa = XCConfigurationList;
			buildConfigurations = (
				A8AF53782BD0014000A04F90 /* Debug */,
				A8AF53792BD0014000A04F90 /* Release */,
			);
			defaultConfigurationIsVisible = 0;
			defaultConfigurationName = Release;
		};
		A8AF537A2BD0014000A04F90 /* Build configuration list for PBXNativeTarget "HomeWork16" */ = {
			isa = XCConfigurationList;
			buildConfigurations = (
				A8AF537B2BD0014000A04F90 /* Debug */,
				A8AF537C2BD0014000A04F90 /* Release */,
			);
			defaultConfigurationIsVisible = 0;
			defaultConfigurationName = Release;
		};
/* End XCConfigurationList section */
	};
	rootObject = A8AF535E2BD0013F00A04F90 /* Project object */;
}
